
Microsoft Visual Studio Solution File, Format Version 12.00
# Visual Studio 15
VisualStudioVersion = 15.0.27004.2010
MinimumVisualStudioVersion = 10.0.40219.1
Project("{9A19103F-16F7-4668-BE54-9A1E7A4F7556}") = "Battleships", "Battleships\Battleships.csproj", "{E8C5C1BB-5AF0-4D13-B058-A185232CA0AD}"
EndProject
Project("{FAE04EC0-301F-11D3-BF4B-00C04F79EFBC}") = "Battleships.Tests", "Battleships.Tests\Battleships.Tests.csproj", "{A5E5ADD5-4A4B-45EB-AFBE-3F5C76BFAFDB}"
EndProject
Global
	GlobalSection(SolutionConfigurationPlatforms) = preSolution
		Debug|Any CPU = Debug|Any CPU
		Release|Any CPU = Release|Any CPU
	EndGlobalSection
	GlobalSection(ProjectConfigurationPlatforms) = postSolution
		{E8C5C1BB-5AF0-4D13-B058-A185232CA0AD}.Debug|Any CPU.ActiveCfg = Debug|Any CPU
		{E8C5C1BB-5AF0-4D13-B058-A185232CA0AD}.Debug|Any CPU.Build.0 = Debug|Any CPU
		{E8C5C1BB-5AF0-4D13-B058-A185232CA0AD}.Release|Any CPU.ActiveCfg = Release|Any CPU
		{E8C5C1BB-5AF0-4D13-B058-A185232CA0AD}.Release|Any CPU.Build.0 = Release|Any CPU
		{A5E5ADD5-4A4B-45EB-AFBE-3F5C76BFAFDB}.Debug|Any CPU.ActiveCfg = Debug|Any CPU
		{A5E5ADD5-4A4B-45EB-AFBE-3F5C76BFAFDB}.Debug|Any CPU.Build.0 = Debug|Any CPU
		{A5E5ADD5-4A4B-45EB-AFBE-3F5C76BFAFDB}.Release|Any CPU.ActiveCfg = Release|Any CPU
		{A5E5ADD5-4A4B-45EB-AFBE-3F5C76BFAFDB}.Release|Any CPU.Build.0 = Release|Any CPU
	EndGlobalSection
	GlobalSection(SolutionProperties) = preSolution
		HideSolutionNode = FALSE
	EndGlobalSection
	GlobalSection(ExtensibilityGlobals) = postSolution
		SolutionGuid = {F6071A70-8C92-40EC-8EB0-24363021D132}
	EndGlobalSection
EndGlobal
